
Microsoft Visual Studio Solution File, Format Version 12.00
# Visual Studio Version 17
VisualStudioVersion = 17.8.34330.188
MinimumVisualStudioVersion = 10.0.40219.1
Project("{9A19103F-16F7-4668-BE54-9A1E7A4F7556}") = "LibraryInterface", "LibraryInterface\LibraryInterface.csproj", "{E98D87B9-DFB1-4380-9701-0E684BD25A3C}"
EndProject
Project("{9A19103F-16F7-4668-BE54-9A1E7A4F7556}") = "Library", "..\Library\Library.csproj", "{9F1FD368-B6CD-4794-843F-B210E173AA9A}"
EndProject
Global
	GlobalSection(SolutionConfigurationPlatforms) = preSolution
		Debug|Any CPU = Debug|Any CPU
		Release|Any CPU = Release|Any CPU
	EndGlobalSection
	GlobalSection(ProjectConfigurationPlatforms) = postSolution
		{E98D87B9-DFB1-4380-9701-0E684BD25A3C}.Debug|Any CPU.ActiveCfg = Debug|Any CPU
		{E98D87B9-DFB1-4380-9701-0E684BD25A3C}.Debug|Any CPU.Build.0 = Debug|Any CPU
		{E98D87B9-DFB1-4380-9701-0E684BD25A3C}.Release|Any CPU.ActiveCfg = Release|Any CPU
		{E98D87B9-DFB1-4380-9701-0E684BD25A3C}.Release|Any CPU.Build.0 = Release|Any CPU
		{9F1FD368-B6CD-4794-843F-B210E173AA9A}.Debug|Any CPU.ActiveCfg = Debug|Any CPU
		{9F1FD368-B6CD-4794-843F-B210E173AA9A}.Debug|Any CPU.Build.0 = Debug|Any CPU
		{9F1FD368-B6CD-4794-843F-B210E173AA9A}.Release|Any CPU.ActiveCfg = Release|Any CPU
		{9F1FD368-B6CD-4794-843F-B210E173AA9A}.Release|Any CPU.Build.0 = Release|Any CPU
	EndGlobalSection
	GlobalSection(SolutionProperties) = preSolution
		HideSolutionNode = FALSE
	EndGlobalSection
	GlobalSection(ExtensibilityGlobals) = postSolution
		SolutionGuid = {D7DD1A52-FBD6-4491-8DC9-4DBC4C854881}
	EndGlobalSection
EndGlobal
